
Microsoft Visual Studio Solution File, Format Version 12.00
# Visual Studio 2012
Project("{FAE04EC0-301F-11D3-BF4B-00C04F79EFBC}") = "MahjongSpriteVersion", "MahjongSpriteVersion\MahjongSpriteVersion.csproj", "{85FC51F2-0490-481B-AD0D-03D5720D1EFA}"
EndProject
Project("{FAE04EC0-301F-11D3-BF4B-00C04F79EFBC}") = "Mahjong.Core", "Mahjong.Core\Mahjong.Core.csproj", "{E771B564-E64F-4D72-A0C2-29F41E83150A}"
EndProject
Project("{FAE04EC0-301F-11D3-BF4B-00C04F79EFBC}") = "Mahjong.Core.Tests", "Mahjong.Core.Tests\Mahjong.Core.Tests.csproj", "{E5919FF1-E2A9-41C9-B44E-F6DA6B14C722}"
EndProject
Global
	GlobalSection(SolutionConfigurationPlatforms) = preSolution
		Debug|Any CPU = Debug|Any CPU
		Debug|x64 = Debug|x64
		Debug|x86 = Debug|x86
		Release|Any CPU = Release|Any CPU
		Release|x64 = Release|x64
		Release|x86 = Release|x86
	EndGlobalSection
	GlobalSection(ProjectConfigurationPlatforms) = postSolution
		{85FC51F2-0490-481B-AD0D-03D5720D1EFA}.Debug|Any CPU.ActiveCfg = Debug|Any CPU
		{85FC51F2-0490-481B-AD0D-03D5720D1EFA}.Debug|Any CPU.Build.0 = Debug|Any CPU
		{85FC51F2-0490-481B-AD0D-03D5720D1EFA}.Debug|x64.ActiveCfg = Debug|Any CPU
		{85FC51F2-0490-481B-AD0D-03D5720D1EFA}.Debug|x64.Build.0 = Debug|Any CPU
		{85FC51F2-0490-481B-AD0D-03D5720D1EFA}.Debug|x86.ActiveCfg = Debug|Any CPU
		{85FC51F2-0490-481B-AD0D-03D5720D1EFA}.Debug|x86.Build.0 = Debug|Any CPU
		{85FC51F2-0490-481B-AD0D-03D5720D1EFA}.Release|Any CPU.ActiveCfg = Release|Any CPU
		{85FC51F2-0490-481B-AD0D-03D5720D1EFA}.Release|Any CPU.Build.0 = Release|Any CPU
		{85FC51F2-0490-481B-AD0D-03D5720D1EFA}.Release|x64.ActiveCfg = Release|Any CPU
		{85FC51F2-0490-481B-AD0D-03D5720D1EFA}.Release|x64.Build.0 = Release|Any CPU
		{85FC51F2-0490-481B-AD0D-03D5720D1EFA}.Release|x86.ActiveCfg = Release|Any CPU
		{85FC51F2-0490-481B-AD0D-03D5720D1EFA}.Release|x86.Build.0 = Release|Any CPU
		{E771B564-E64F-4D72-A0C2-29F41E83150A}.Debug|Any CPU.ActiveCfg = Debug|Any CPU
		{E771B564-E64F-4D72-A0C2-29F41E83150A}.Debug|Any CPU.Build.0 = Debug|Any CPU
		{E771B564-E64F-4D72-A0C2-29F41E83150A}.Debug|x64.ActiveCfg = Debug|Any CPU
		{E771B564-E64F-4D72-A0C2-29F41E83150A}.Debug|x64.Build.0 = Debug|Any CPU
		{E771B564-E64F-4D72-A0C2-29F41E83150A}.Debug|x86.ActiveCfg = Debug|Any CPU
		{E771B564-E64F-4D72-A0C2-29F41E83150A}.Debug|x86.Build.0 = Debug|Any CPU
		{E771B564-E64F-4D72-A0C2-29F41E83150A}.Release|Any CPU.ActiveCfg = Release|Any CPU
		{E771B564-E64F-4D72-A0C2-29F41E83150A}.Release|Any CPU.Build.0 = Release|Any CPU
		{E771B564-E64F-4D72-A0C2-29F41E83150A}.Release|x64.ActiveCfg = Release|Any CPU
		{E771B564-E64F-4D72-A0C2-29F41E83150A}.Release|x64.Build.0 = Release|Any CPU
		{E771B564-E64F-4D72-A0C2-29F41E83150A}.Release|x86.ActiveCfg = Release|Any CPU
		{E771B564-E64F-4D72-A0C2-29F41E83150A}.Release|x86.Build.0 = Release|Any CPU
		{E5919FF1-E2A9-41C9-B44E-F6DA6B14C722}.Debug|Any CPU.ActiveCfg = Debug|Any CPU
		{E5919FF1-E2A9-41C9-B44E-F6DA6B14C722}.Debug|Any CPU.Build.0 = Debug|Any CPU
		{E5919FF1-E2A9-41C9-B44E-F6DA6B14C722}.Debug|x64.ActiveCfg = Debug|Any CPU
		{E5919FF1-E2A9-41C9-B44E-F6DA6B14C722}.Debug|x64.Build.0 = Debug|Any CPU
		{E5919FF1-E2A9-41C9-B44E-F6DA6B14C722}.Debug|x86.ActiveCfg = Debug|Any CPU
		{E5919FF1-E2A9-41C9-B44E-F6DA6B14C722}.Debug|x86.Build.0 = Debug|Any CPU
		{E5919FF1-E2A9-41C9-B44E-F6DA6B14C722}.Release|Any CPU.ActiveCfg = Release|Any CPU
		{E5919FF1-E2A9-41C9-B44E-F6DA6B14C722}.Release|Any CPU.Build.0 = Release|Any CPU
		{E5919FF1-E2A9-41C9-B44E-F6DA6B14C722}.Release|x64.ActiveCfg = Release|Any CPU
		{E5919FF1-E2A9-41C9-B44E-F6DA6B14C722}.Release|x64.Build.0 = Release|Any CPU
		{E5919FF1-E2A9-41C9-B44E-F6DA6B14C722}.Release|x86.ActiveCfg = Release|Any CPU
		{E5919FF1-E2A9-41C9-B44E-F6DA6B14C722}.Release|x86.Build.0 = Release|Any CPU
	EndGlobalSection
	GlobalSection(SolutionProperties) = preSolution
		HideSolutionNode = FALSE
	EndGlobalSection
	GlobalSection(TeamFoundationVersionControl) = preSolution
		SccNumberOfProjects = 3
		SccEnterpriseProvider = {4CA58AB2-18FA-4F8D-95D4-32DDF27D184C}
		SccTeamFoundationServer = https://kabkolor.visualstudio.com/defaultcollection
		SccLocalPath0 = .
		SccProjectUniqueName1 = Mahjong\\Mahjong.csproj
		SccProjectName1 = Mahjong
		SccLocalPath1 = Mahjong
		SccProjectUniqueName2 = MahjongSpriteVersion\\MahjongSpriteVersion.csproj
		SccProjectName2 = MahjongSpriteVersion
		SccLocalPath2 = MahjongSpriteVersion
	EndGlobalSection
EndGlobal
